// !$*UTF8*$!
{
	archiveVersion = 1;
	classes = {
	};
	objectVersion = 50;
	objects = {

/* Begin PBXBuildFile section */
		836A9F962322837B00934AF6 /* Theme.swift in Sources */ = {isa = PBXBuildFile; fileRef = 836A9F952322837B00934AF6 /* Theme.swift */; };
		83AA0AF1232122380022AFFD /* AppDelegate.swift in Sources */ = {isa = PBXBuildFile; fileRef = 83AA0AF0232122380022AFFD /* AppDelegate.swift */; };
		83AA0AF3232122380022AFFD /* SceneDelegate.swift in Sources */ = {isa = PBXBuildFile; fileRef = 83AA0AF2232122380022AFFD /* SceneDelegate.swift */; };
		83AA0AF5232122380022AFFD /* ViewController.swift in Sources */ = {isa = PBXBuildFile; fileRef = 83AA0AF4232122380022AFFD /* ViewController.swift */; };
		83AA0AF8232122380022AFFD /* Main.storyboard in Resources */ = {isa = PBXBuildFile; fileRef = 83AA0AF6232122380022AFFD /* Main.storyboard */; };
		83AA0AFA232122390022AFFD /* Assets.xcassets in Resources */ = {isa = PBXBuildFile; fileRef = 83AA0AF9232122390022AFFD /* Assets.xcassets */; };
		83AA0AFD232122390022AFFD /* LaunchScreen.storyboard in Resources */ = {isa = PBXBuildFile; fileRef = 83AA0AFB232122390022AFFD /* LaunchScreen.storyboard */; };
		83AA0B05232124030022AFFD /* ActionHandlerScript.swift in Sources */ = {isa = PBXBuildFile; fileRef = 83AA0B04232124030022AFFD /* ActionHandlerScript.swift */; };
		83AA0B072321275D0022AFFD /* UIView+ConstrainedSubview.swift in Sources */ = {isa = PBXBuildFile; fileRef = 83AA0B062321275D0022AFFD /* UIView+ConstrainedSubview.swift */; };
		83F5C33C2368409400FB356A /* PageViewController.swift in Sources */ = {isa = PBXBuildFile; fileRef = 83F5C33B2368409400FB356A /* PageViewController.swift */; };
		83F5C33E236840CF00FB356A /* AppError.swift in Sources */ = {isa = PBXBuildFile; fileRef = 83F5C33D236840CF00FB356A /* AppError.swift */; };
		83F5C340236858F900FB356A /* PickerViewController.swift in Sources */ = {isa = PBXBuildFile; fileRef = 83F5C33F236858F900FB356A /* PickerViewController.swift */; };
		83F5C34D2368607B00FB356A /* it.txt in Resources */ = {isa = PBXBuildFile; fileRef = 83F5C3452368607A00FB356A /* it.txt */; };
		83F5C34E2368607B00FB356A /* es.txt in Resources */ = {isa = PBXBuildFile; fileRef = 83F5C3462368607A00FB356A /* es.txt */; };
		83F5C34F2368607B00FB356A /* de.txt in Resources */ = {isa = PBXBuildFile; fileRef = 83F5C3472368607A00FB356A /* de.txt */; };
		83F5C3502368607B00FB356A /* zh.txt in Resources */ = {isa = PBXBuildFile; fileRef = 83F5C3482368607A00FB356A /* zh.txt */; };
		83F5C3512368607B00FB356A /* pt.txt in Resources */ = {isa = PBXBuildFile; fileRef = 83F5C3492368607A00FB356A /* pt.txt */; };
		83F5C3522368607B00FB356A /* fr.txt in Resources */ = {isa = PBXBuildFile; fileRef = 83F5C34A2368607A00FB356A /* fr.txt */; };
		83F5C3532368607B00FB356A /* en.txt in Resources */ = {isa = PBXBuildFile; fileRef = 83F5C34B2368607B00FB356A /* en.txt */; };
		83F5C3542368607B00FB356A /* ja.txt in Resources */ = {isa = PBXBuildFile; fileRef = 83F5C34C2368607B00FB356A /* ja.txt */; };
		83F5C35D2368628B00FB356A /* he.txt in Resources */ = {isa = PBXBuildFile; fileRef = 83F5C3552368628A00FB356A /* he.txt */; };
		83F5C35E2368628B00FB356A /* hi.txt in Resources */ = {isa = PBXBuildFile; fileRef = 83F5C3562368628A00FB356A /* hi.txt */; };
		83F5C35F2368628B00FB356A /* fa.txt in Resources */ = {isa = PBXBuildFile; fileRef = 83F5C3572368628A00FB356A /* fa.txt */; };
		83F5C3602368628B00FB356A /* pl.txt in Resources */ = {isa = PBXBuildFile; fileRef = 83F5C3582368628A00FB356A /* pl.txt */; };
		83F5C3612368628B00FB356A /* sv.txt in Resources */ = {isa = PBXBuildFile; fileRef = 83F5C3592368628A00FB356A /* sv.txt */; };
		83F5C3622368628B00FB356A /* nl.txt in Resources */ = {isa = PBXBuildFile; fileRef = 83F5C35A2368628B00FB356A /* nl.txt */; };
		83F5C3632368628B00FB356A /* ru.txt in Resources */ = {isa = PBXBuildFile; fileRef = 83F5C35B2368628B00FB356A /* ru.txt */; };
		83F5C3642368628B00FB356A /* vi.txt in Resources */ = {isa = PBXBuildFile; fileRef = 83F5C35C2368628B00FB356A /* vi.txt */; };
		83F688F02350EF43003290E5 /* SchemeHandler.swift in Sources */ = {isa = PBXBuildFile; fileRef = 83F688EF2350EF43003290E5 /* SchemeHandler.swift */; };
		83F688F22350F05B003290E5 /* Session.swift in Sources */ = {isa = PBXBuildFile; fileRef = 83F688F12350F05B003290E5 /* Session.swift */; };
		83F688F42350F35F003290E5 /* Cache.swift in Sources */ = {isa = PBXBuildFile; fileRef = 83F688F32350F35F003290E5 /* Cache.swift */; };
		83F688F62350F5A0003290E5 /* Callback.swift in Sources */ = {isa = PBXBuildFile; fileRef = 83F688F52350F5A0003290E5 /* Callback.swift */; };
		83F688FA2350FAA2003290E5 /* AsyncOperation.swift in Sources */ = {isa = PBXBuildFile; fileRef = 83F688F92350FAA2003290E5 /* AsyncOperation.swift */; };
/* End PBXBuildFile section */

/* Begin PBXFileReference section */
		836A9F952322837B00934AF6 /* Theme.swift */ = {isa = PBXFileReference; fileEncoding = 4; lastKnownFileType = sourcecode.swift; path = Theme.swift; sourceTree = "<group>"; };
		83AA0AED232122380022AFFD /* liter.app */ = {isa = PBXFileReference; explicitFileType = wrapper.application; includeInIndex = 0; path = liter.app; sourceTree = BUILT_PRODUCTS_DIR; };
		83AA0AF0232122380022AFFD /* AppDelegate.swift */ = {isa = PBXFileReference; lastKnownFileType = sourcecode.swift; path = AppDelegate.swift; sourceTree = "<group>"; };
		83AA0AF2232122380022AFFD /* SceneDelegate.swift */ = {isa = PBXFileReference; lastKnownFileType = sourcecode.swift; path = SceneDelegate.swift; sourceTree = "<group>"; };
		83AA0AF4232122380022AFFD /* ViewController.swift */ = {isa = PBXFileReference; lastKnownFileType = sourcecode.swift; path = ViewController.swift; sourceTree = "<group>"; };
		83AA0AF7232122380022AFFD /* Base */ = {isa = PBXFileReference; lastKnownFileType = file.storyboard; name = Base; path = Base.lproj/Main.storyboard; sourceTree = "<group>"; };
		83AA0AF9232122390022AFFD /* Assets.xcassets */ = {isa = PBXFileReference; lastKnownFileType = folder.assetcatalog; path = Assets.xcassets; sourceTree = "<group>"; };
		83AA0AFC232122390022AFFD /* Base */ = {isa = PBXFileReference; lastKnownFileType = file.storyboard; name = Base; path = Base.lproj/LaunchScreen.storyboard; sourceTree = "<group>"; };
		83AA0AFE232122390022AFFD /* Info.plist */ = {isa = PBXFileReference; lastKnownFileType = text.plist.xml; path = Info.plist; sourceTree = "<group>"; };
		83AA0B04232124030022AFFD /* ActionHandlerScript.swift */ = {isa = PBXFileReference; fileEncoding = 4; lastKnownFileType = sourcecode.swift; path = ActionHandlerScript.swift; sourceTree = "<group>"; };
		83AA0B062321275D0022AFFD /* UIView+ConstrainedSubview.swift */ = {isa = PBXFileReference; fileEncoding = 4; lastKnownFileType = sourcecode.swift; path = "UIView+ConstrainedSubview.swift"; sourceTree = "<group>"; };
		83F5C33B2368409400FB356A /* PageViewController.swift */ = {isa = PBXFileReference; lastKnownFileType = sourcecode.swift; path = PageViewController.swift; sourceTree = "<group>"; };
		83F5C33D236840CF00FB356A /* AppError.swift */ = {isa = PBXFileReference; lastKnownFileType = sourcecode.swift; path = AppError.swift; sourceTree = "<group>"; };
		83F5C33F236858F900FB356A /* PickerViewController.swift */ = {isa = PBXFileReference; lastKnownFileType = sourcecode.swift; path = PickerViewController.swift; sourceTree = "<group>"; };
		83F5C3452368607A00FB356A /* it.txt */ = {isa = PBXFileReference; fileEncoding = 4; lastKnownFileType = text; path = it.txt; sourceTree = "<group>"; };
		83F5C3462368607A00FB356A /* es.txt */ = {isa = PBXFileReference; fileEncoding = 4; lastKnownFileType = text; path = es.txt; sourceTree = "<group>"; };
		83F5C3472368607A00FB356A /* de.txt */ = {isa = PBXFileReference; fileEncoding = 4; lastKnownFileType = text; path = de.txt; sourceTree = "<group>"; };
		83F5C3482368607A00FB356A /* zh.txt */ = {isa = PBXFileReference; fileEncoding = 4; lastKnownFileType = text; path = zh.txt; sourceTree = "<group>"; };
		83F5C3492368607A00FB356A /* pt.txt */ = {isa = PBXFileReference; fileEncoding = 4; lastKnownFileType = text; path = pt.txt; sourceTree = "<group>"; };
		83F5C34A2368607A00FB356A /* fr.txt */ = {isa = PBXFileReference; fileEncoding = 4; lastKnownFileType = text; path = fr.txt; sourceTree = "<group>"; };
		83F5C34B2368607B00FB356A /* en.txt */ = {isa = PBXFileReference; fileEncoding = 4; lastKnownFileType = text; path = en.txt; sourceTree = "<group>"; };
		83F5C34C2368607B00FB356A /* ja.txt */ = {isa = PBXFileReference; fileEncoding = 4; lastKnownFileType = text; path = ja.txt; sourceTree = "<group>"; };
		83F5C3552368628A00FB356A /* he.txt */ = {isa = PBXFileReference; fileEncoding = 4; lastKnownFileType = text; path = he.txt; sourceTree = "<group>"; };
		83F5C3562368628A00FB356A /* hi.txt */ = {isa = PBXFileReference; fileEncoding = 4; lastKnownFileType = text; path = hi.txt; sourceTree = "<group>"; };
		83F5C3572368628A00FB356A /* fa.txt */ = {isa = PBXFileReference; fileEncoding = 4; lastKnownFileType = text; path = fa.txt; sourceTree = "<group>"; };
		83F5C3582368628A00FB356A /* pl.txt */ = {isa = PBXFileReference; fileEncoding = 4; lastKnownFileType = text; path = pl.txt; sourceTree = "<group>"; };
		83F5C3592368628A00FB356A /* sv.txt */ = {isa = PBXFileReference; fileEncoding = 4; lastKnownFileType = text; path = sv.txt; sourceTree = "<group>"; };
		83F5C35A2368628B00FB356A /* nl.txt */ = {isa = PBXFileReference; fileEncoding = 4; lastKnownFileType = text; path = nl.txt; sourceTree = "<group>"; };
		83F5C35B2368628B00FB356A /* ru.txt */ = {isa = PBXFileReference; fileEncoding = 4; lastKnownFileType = text; path = ru.txt; sourceTree = "<group>"; };
		83F5C35C2368628B00FB356A /* vi.txt */ = {isa = PBXFileReference; fileEncoding = 4; lastKnownFileType = text; path = vi.txt; sourceTree = "<group>"; };
		83F688EF2350EF43003290E5 /* SchemeHandler.swift */ = {isa = PBXFileReference; fileEncoding = 4; lastKnownFileType = sourcecode.swift; path = SchemeHandler.swift; sourceTree = "<group>"; };
		83F688F12350F05B003290E5 /* Session.swift */ = {isa = PBXFileReference; fileEncoding = 4; lastKnownFileType = sourcecode.swift; path = Session.swift; sourceTree = "<group>"; };
		83F688F32350F35F003290E5 /* Cache.swift */ = {isa = PBXFileReference; lastKnownFileType = sourcecode.swift; path = Cache.swift; sourceTree = "<group>"; };
		83F688F52350F5A0003290E5 /* Callback.swift */ = {isa = PBXFileReference; lastKnownFileType = sourcecode.swift; path = Callback.swift; sourceTree = "<group>"; };
		83F688F92350FAA2003290E5 /* AsyncOperation.swift */ = {isa = PBXFileReference; fileEncoding = 4; lastKnownFileType = sourcecode.swift; path = AsyncOperation.swift; sourceTree = "<group>"; };
/* End PBXFileReference section */

/* Begin PBXFrameworksBuildPhase section */
		83AA0AEA232122380022AFFD /* Frameworks */ = {
			isa = PBXFrameworksBuildPhase;
			buildActionMask = 2147483647;
			files = (
			);
			runOnlyForDeploymentPostprocessing = 0;
		};
/* End PBXFrameworksBuildPhase section */

/* Begin PBXGroup section */
		83AA0AE4232122380022AFFD = {
			isa = PBXGroup;
			children = (
				83AA0AEF232122380022AFFD /* liter */,
				83AA0AEE232122380022AFFD /* Products */,
			);
			sourceTree = "<group>";
		};
		83AA0AEE232122380022AFFD /* Products */ = {
			isa = PBXGroup;
			children = (
				83AA0AED232122380022AFFD /* liter.app */,
			);
			name = Products;
			sourceTree = "<group>";
		};
		83AA0AEF232122380022AFFD /* liter */ = {
			isa = PBXGroup;
			children = (
				836A9F952322837B00934AF6 /* Theme.swift */,
				83AA0B04232124030022AFFD /* ActionHandlerScript.swift */,
				83AA0AF0232122380022AFFD /* AppDelegate.swift */,
				83F5C33D236840CF00FB356A /* AppError.swift */,
				83AA0AF2232122380022AFFD /* SceneDelegate.swift */,
				83AA0AF4232122380022AFFD /* ViewController.swift */,
				83F5C33B2368409400FB356A /* PageViewController.swift */,
				83F5C33F236858F900FB356A /* PickerViewController.swift */,
				83AA0B062321275D0022AFFD /* UIView+ConstrainedSubview.swift */,
				83AA0AF6232122380022AFFD /* Main.storyboard */,
				83AA0AF9232122390022AFFD /* Assets.xcassets */,
				83AA0AFB232122390022AFFD /* LaunchScreen.storyboard */,
				83AA0AFE232122390022AFFD /* Info.plist */,
				83F688F12350F05B003290E5 /* Session.swift */,
				83F688F52350F5A0003290E5 /* Callback.swift */,
				83F688F32350F35F003290E5 /* Cache.swift */,
				83F688EF2350EF43003290E5 /* SchemeHandler.swift */,
				83F688F92350FAA2003290E5 /* AsyncOperation.swift */,
				83F5C3572368628A00FB356A /* fa.txt */,
				83F5C3552368628A00FB356A /* he.txt */,
				83F5C3562368628A00FB356A /* hi.txt */,
				83F5C35A2368628B00FB356A /* nl.txt */,
				83F5C3582368628A00FB356A /* pl.txt */,
				83F5C35B2368628B00FB356A /* ru.txt */,
				83F5C3592368628A00FB356A /* sv.txt */,
				83F5C35C2368628B00FB356A /* vi.txt */,
				83F5C3472368607A00FB356A /* de.txt */,
				83F5C34B2368607B00FB356A /* en.txt */,
				83F5C3462368607A00FB356A /* es.txt */,
				83F5C34A2368607A00FB356A /* fr.txt */,
				83F5C3452368607A00FB356A /* it.txt */,
				83F5C34C2368607B00FB356A /* ja.txt */,
				83F5C3492368607A00FB356A /* pt.txt */,
				83F5C3482368607A00FB356A /* zh.txt */,
			);
			path = liter;
			sourceTree = "<group>";
		};
/* End PBXGroup section */

/* Begin PBXNativeTarget section */
		83AA0AEC232122380022AFFD /* liter */ = {
			isa = PBXNativeTarget;
			buildConfigurationList = 83AA0B01232122390022AFFD /* Build configuration list for PBXNativeTarget "liter" */;
			buildPhases = (
				83AA0AE9232122380022AFFD /* Sources */,
				83AA0AEA232122380022AFFD /* Frameworks */,
				83AA0AEB232122380022AFFD /* Resources */,
			);
			buildRules = (
			);
			dependencies = (
			);
			name = liter;
			productName = liter;
			productReference = 83AA0AED232122380022AFFD /* liter.app */;
			productType = "com.apple.product-type.application";
		};
/* End PBXNativeTarget section */

/* Begin PBXProject section */
		83AA0AE5232122380022AFFD /* Project object */ = {
			isa = PBXProject;
			attributes = {
				LastSwiftUpdateCheck = 1100;
				LastUpgradeCheck = 1100;
				ORGANIZATIONNAME = WMF;
				TargetAttributes = {
					83AA0AEC232122380022AFFD = {
						CreatedOnToolsVersion = 11.0;
					};
				};
			};
			buildConfigurationList = 83AA0AE8232122380022AFFD /* Build configuration list for PBXProject "liter" */;
			compatibilityVersion = "Xcode 9.3";
			developmentRegion = en;
			hasScannedForEncodings = 0;
			knownRegions = (
				en,
				Base,
			);
			mainGroup = 83AA0AE4232122380022AFFD;
			productRefGroup = 83AA0AEE232122380022AFFD /* Products */;
			projectDirPath = "";
			projectRoot = "";
			targets = (
				83AA0AEC232122380022AFFD /* liter */,
			);
		};
/* End PBXProject section */

/* Begin PBXResourcesBuildPhase section */
		83AA0AEB232122380022AFFD /* Resources */ = {
			isa = PBXResourcesBuildPhase;
			buildActionMask = 2147483647;
			files = (
				83F5C35E2368628B00FB356A /* hi.txt in Resources */,
				83F5C3642368628B00FB356A /* vi.txt in Resources */,
				83F5C35F2368628B00FB356A /* fa.txt in Resources */,
				83F5C3522368607B00FB356A /* fr.txt in Resources */,
				83F5C3542368607B00FB356A /* ja.txt in Resources */,
				83F5C3512368607B00FB356A /* pt.txt in Resources */,
				83F5C34E2368607B00FB356A /* es.txt in Resources */,
				83AA0AFD232122390022AFFD /* LaunchScreen.storyboard in Resources */,
				83F5C3502368607B00FB356A /* zh.txt in Resources */,
				83F5C3532368607B00FB356A /* en.txt in Resources */,
				83F5C3632368628B00FB356A /* ru.txt in Resources */,
				83F5C34D2368607B00FB356A /* it.txt in Resources */,
				83F5C3602368628B00FB356A /* pl.txt in Resources */,
				83AA0AFA232122390022AFFD /* Assets.xcassets in Resources */,
				83F5C3622368628B00FB356A /* nl.txt in Resources */,
				83F5C35D2368628B00FB356A /* he.txt in Resources */,
				83F5C3612368628B00FB356A /* sv.txt in Resources */,
				83AA0AF8232122380022AFFD /* Main.storyboard in Resources */,
				83F5C34F2368607B00FB356A /* de.txt in Resources */,
			);
			runOnlyForDeploymentPostprocessing = 0;
		};
/* End PBXResourcesBuildPhase section */

/* Begin PBXSourcesBuildPhase section */
		83AA0AE9232122380022AFFD /* Sources */ = {
			isa = PBXSourcesBuildPhase;
			buildActionMask = 2147483647;
			files = (
				83F688F62350F5A0003290E5 /* Callback.swift in Sources */,
				83F688FA2350FAA2003290E5 /* AsyncOperation.swift in Sources */,
				83AA0B072321275D0022AFFD /* UIView+ConstrainedSubview.swift in Sources */,
				83F5C33C2368409400FB356A /* PageViewController.swift in Sources */,
				83F5C33E236840CF00FB356A /* AppError.swift in Sources */,
				83F688F42350F35F003290E5 /* Cache.swift in Sources */,
				83AA0AF5232122380022AFFD /* ViewController.swift in Sources */,
				83AA0B05232124030022AFFD /* ActionHandlerScript.swift in Sources */,
				836A9F962322837B00934AF6 /* Theme.swift in Sources */,
				83F688F22350F05B003290E5 /* Session.swift in Sources */,
				83F688F02350EF43003290E5 /* SchemeHandler.swift in Sources */,
				83AA0AF1232122380022AFFD /* AppDelegate.swift in Sources */,
				83F5C340236858F900FB356A /* PickerViewController.swift in Sources */,
				83AA0AF3232122380022AFFD /* SceneDelegate.swift in Sources */,
			);
			runOnlyForDeploymentPostprocessing = 0;
		};
/* End PBXSourcesBuildPhase section */

/* Begin PBXVariantGroup section */
		83AA0AF6232122380022AFFD /* Main.storyboard */ = {
			isa = PBXVariantGroup;
			children = (
				83AA0AF7232122380022AFFD /* Base */,
			);
			name = Main.storyboard;
			sourceTree = "<group>";
		};
		83AA0AFB232122390022AFFD /* LaunchScreen.storyboard */ = {
			isa = PBXVariantGroup;
			children = (
				83AA0AFC232122390022AFFD /* Base */,
			);
			name = LaunchScreen.storyboard;
			sourceTree = "<group>";
		};
/* End PBXVariantGroup section */

/* Begin XCBuildConfiguration section */
		83AA0AFF232122390022AFFD /* Debug */ = {
			isa = XCBuildConfiguration;
			buildSettings = {
				ALWAYS_SEARCH_USER_PATHS = NO;
				CLANG_ANALYZER_NONNULL = YES;
				CLANG_ANALYZER_NUMBER_OBJECT_CONVERSION = YES_AGGRESSIVE;
				CLANG_CXX_LANGUAGE_STANDARD = "gnu++14";
				CLANG_CXX_LIBRARY = "libc++";
				CLANG_ENABLE_MODULES = YES;
				CLANG_ENABLE_OBJC_ARC = YES;
				CLANG_ENABLE_OBJC_WEAK = YES;
				CLANG_WARN_BLOCK_CAPTURE_AUTORELEASING = YES;
				CLANG_WARN_BOOL_CONVERSION = YES;
				CLANG_WARN_COMMA = YES;
				CLANG_WARN_CONSTANT_CONVERSION = YES;
				CLANG_WARN_DEPRECATED_OBJC_IMPLEMENTATIONS = YES;
				CLANG_WARN_DIRECT_OBJC_ISA_USAGE = YES_ERROR;
				CLANG_WARN_DOCUMENTATION_COMMENTS = YES;
				CLANG_WARN_EMPTY_BODY = YES;
				CLANG_WARN_ENUM_CONVERSION = YES;
				CLANG_WARN_INFINITE_RECURSION = YES;
				CLANG_WARN_INT_CONVERSION = YES;
				CLANG_WARN_NON_LITERAL_NULL_CONVERSION = YES;
				CLANG_WARN_OBJC_IMPLICIT_RETAIN_SELF = YES;
				CLANG_WARN_OBJC_LITERAL_CONVERSION = YES;
				CLANG_WARN_OBJC_ROOT_CLASS = YES_ERROR;
				CLANG_WARN_RANGE_LOOP_ANALYSIS = YES;
				CLANG_WARN_STRICT_PROTOTYPES = YES;
				CLANG_WARN_SUSPICIOUS_MOVE = YES;
				CLANG_WARN_UNGUARDED_AVAILABILITY = YES_AGGRESSIVE;
				CLANG_WARN_UNREACHABLE_CODE = YES;
				CLANG_WARN__DUPLICATE_METHOD_MATCH = YES;
				COPY_PHASE_STRIP = NO;
				DEBUG_INFORMATION_FORMAT = dwarf;
				ENABLE_STRICT_OBJC_MSGSEND = YES;
				ENABLE_TESTABILITY = YES;
				GCC_C_LANGUAGE_STANDARD = gnu11;
				GCC_DYNAMIC_NO_PIC = NO;
				GCC_NO_COMMON_BLOCKS = YES;
				GCC_OPTIMIZATION_LEVEL = 0;
				GCC_PREPROCESSOR_DEFINITIONS = (
					"DEBUG=1",
					"$(inherited)",
				);
				GCC_WARN_64_TO_32_BIT_CONVERSION = YES;
				GCC_WARN_ABOUT_RETURN_TYPE = YES_ERROR;
				GCC_WARN_UNDECLARED_SELECTOR = YES;
				GCC_WARN_UNINITIALIZED_AUTOS = YES_AGGRESSIVE;
				GCC_WARN_UNUSED_FUNCTION = YES;
				GCC_WARN_UNUSED_VARIABLE = YES;
				IPHONEOS_DEPLOYMENT_TARGET = 13.0;
				MTL_ENABLE_DEBUG_INFO = INCLUDE_SOURCE;
				MTL_FAST_MATH = YES;
				ONLY_ACTIVE_ARCH = YES;
				SDKROOT = iphoneos;
				SWIFT_ACTIVE_COMPILATION_CONDITIONS = DEBUG;
				SWIFT_OPTIMIZATION_LEVEL = "-Onone";
			};
			name = Debug;
		};
		83AA0B00232122390022AFFD /* Release */ = {
			isa = XCBuildConfiguration;
			buildSettings = {
				ALWAYS_SEARCH_USER_PATHS = NO;
				CLANG_ANALYZER_NONNULL = YES;
				CLANG_ANALYZER_NUMBER_OBJECT_CONVERSION = YES_AGGRESSIVE;
				CLANG_CXX_LANGUAGE_STANDARD = "gnu++14";
				CLANG_CXX_LIBRARY = "libc++";
				CLANG_ENABLE_MODULES = YES;
				CLANG_ENABLE_OBJC_ARC = YES;
				CLANG_ENABLE_OBJC_WEAK = YES;
				CLANG_WARN_BLOCK_CAPTURE_AUTORELEASING = YES;
				CLANG_WARN_BOOL_CONVERSION = YES;
				CLANG_WARN_COMMA = YES;
				CLANG_WARN_CONSTANT_CONVERSION = YES;
				CLANG_WARN_DEPRECATED_OBJC_IMPLEMENTATIONS = YES;
				CLANG_WARN_DIRECT_OBJC_ISA_USAGE = YES_ERROR;
				CLANG_WARN_DOCUMENTATION_COMMENTS = YES;
				CLANG_WARN_EMPTY_BODY = YES;
				CLANG_WARN_ENUM_CONVERSION = YES;
				CLANG_WARN_INFINITE_RECURSION = YES;
				CLANG_WARN_INT_CONVERSION = YES;
				CLANG_WARN_NON_LITERAL_NULL_CONVERSION = YES;
				CLANG_WARN_OBJC_IMPLICIT_RETAIN_SELF = YES;
				CLANG_WARN_OBJC_LITERAL_CONVERSION = YES;
				CLANG_WARN_OBJC_ROOT_CLASS = YES_ERROR;
				CLANG_WARN_RANGE_LOOP_ANALYSIS = YES;
				CLANG_WARN_STRICT_PROTOTYPES = YES;
				CLANG_WARN_SUSPICIOUS_MOVE = YES;
				CLANG_WARN_UNGUARDED_AVAILABILITY = YES_AGGRESSIVE;
				CLANG_WARN_UNREACHABLE_CODE = YES;
				CLANG_WARN__DUPLICATE_METHOD_MATCH = YES;
				COPY_PHASE_STRIP = NO;
				DEBUG_INFORMATION_FORMAT = "dwarf-with-dsym";
				ENABLE_NS_ASSERTIONS = NO;
				ENABLE_STRICT_OBJC_MSGSEND = YES;
				GCC_C_LANGUAGE_STANDARD = gnu11;
				GCC_NO_COMMON_BLOCKS = YES;
				GCC_WARN_64_TO_32_BIT_CONVERSION = YES;
				GCC_WARN_ABOUT_RETURN_TYPE = YES_ERROR;
				GCC_WARN_UNDECLARED_SELECTOR = YES;
				GCC_WARN_UNINITIALIZED_AUTOS = YES_AGGRESSIVE;
				GCC_WARN_UNUSED_FUNCTION = YES;
				GCC_WARN_UNUSED_VARIABLE = YES;
				IPHONEOS_DEPLOYMENT_TARGET = 13.0;
				MTL_ENABLE_DEBUG_INFO = NO;
				MTL_FAST_MATH = YES;
				SDKROOT = iphoneos;
				SWIFT_COMPILATION_MODE = wholemodule;
				SWIFT_OPTIMIZATION_LEVEL = "-O";
				VALIDATE_PRODUCT = YES;
			};
			name = Release;
		};
		83AA0B02232122390022AFFD /* Debug */ = {
			isa = XCBuildConfiguration;
			buildSettings = {
				ASSETCATALOG_COMPILER_APPICON_NAME = AlphaAppIcon;
				CODE_SIGN_STYLE = Automatic;
				CURRENT_PROJECT_VERSION = 2;
				DEVELOPMENT_TEAM = AKK7J2GV64;
				INFOPLIST_FILE = liter/Info.plist;
				LD_RUNPATH_SEARCH_PATHS = (
					"$(inherited)",
					"@executable_path/Frameworks",
				);
				PRODUCT_BUNDLE_IDENTIFIER = org.wikimedia.wikipedia.tfexperiment;
				PRODUCT_NAME = "$(TARGET_NAME)";
				SWIFT_VERSION = 5.0;
				TARGETED_DEVICE_FAMILY = "1,2";
			};
			name = Debug;
		};
		83AA0B03232122390022AFFD /* Release */ = {
			isa = XCBuildConfiguration;
			buildSettings = {
				ASSETCATALOG_COMPILER_APPICON_NAME = AlphaAppIcon;
				CODE_SIGN_STYLE = Automatic;
				CURRENT_PROJECT_VERSION = 2;
				DEVELOPMENT_TEAM = AKK7J2GV64;
				INFOPLIST_FILE = liter/Info.plist;
				LD_RUNPATH_SEARCH_PATHS = (
					"$(inherited)",
					"@executable_path/Frameworks",
				);
				PRODUCT_BUNDLE_IDENTIFIER = org.wikimedia.wikipedia.tfexperiment;
				PRODUCT_NAME = "$(TARGET_NAME)";
				SWIFT_VERSION = 5.0;
				TARGETED_DEVICE_FAMILY = "1,2";
			};
			name = Release;
		};
/* End XCBuildConfiguration section */

/* Begin XCConfigurationList section */
		83AA0AE8232122380022AFFD /* Build configuration list for PBXProject "liter" */ = {
			isa = XCConfigurationList;
			buildConfigurations = (
				83AA0AFF232122390022AFFD /* Debug */,
				83AA0B00232122390022AFFD /* Release */,
			);
			defaultConfigurationIsVisible = 0;
			defaultConfigurationName = Release;
		};
		83AA0B01232122390022AFFD /* Build configuration list for PBXNativeTarget "liter" */ = {
			isa = XCConfigurationList;
			buildConfigurations = (
				83AA0B02232122390022AFFD /* Debug */,
				83AA0B03232122390022AFFD /* Release */,
			);
			defaultConfigurationIsVisible = 0;
			defaultConfigurationName = Release;
		};
/* End XCConfigurationList section */
	};
	rootObject = 83AA0AE5232122380022AFFD /* Project object */;
}
